github.com/amonsat/fullname_parser v0.0.0-20180221140204-0879740fa92c h1:hC8gXSD4FP4LTmhg3DjtY09/QY4NiSPPW3L7m1K+how=
github.com/amonsat/fullname_parser v0.0.0-20180221140204-0879740fa92c/go.mod h1:GEudoaf7jDijGe+N9Pjmy3IVXBRA202FWKeldkfE7Pc=
github.com/davecgh/go-spew v1.1.1 h1:vj9j/u1bqnvCEfJOwUhtlOARqs3+rkHYY13jYWTU97c=
github.com/davecgh/go-spew v1.1.1/go.mod h1:J7Y8YcW2NihsgmVo/mv3lAwl/skON4iLHjSsI+c5H38=
github.com/go-corelibs/maths v1.2.2 h1:5UxwcTdWg4M8y865Gmk1Nq/ziXUjV7CsM/h5yaao8s4=
github.com/go-corelibs/maths v1.2.2/go.mod h1:E9B6hUc971rpcFG9+gTPV70oG1sO4Fw2ZehNxcM8x+g=
github.com/go-corelibs/slices v1.6.3 h1:B8c5zbFMIjhX6ZpoWagPW5HrHyiix4h4nye/6oXuFX0=
github.com/go-corelibs/slices v1.6.3/go.mod h1:nbEeq3/sr3kJEZ6BVS72yG9PmibLSPYnmkysCY6MXkk=
github.com/go-corelibs/values v1.2.2 h1:gbJ8QxF+2gMdmJkkOSt/hMnobxQ4wkHdG+PdaFD7Uos=
github.com/go-corelibs/values v1.2.2/go.mod h1:McRXDAGd7lcE1h4e/RgQgim8yzOGHQUA5fQV4wzvPhk=
github.com/go-corelibs/x-text v0.40.0 h1:n/GD0K0sR8lwN4yZpjTTtjvwnn+zHG2YLngrDmlYm9Q=
github.com/go-corelibs/x-text v0.40.0/go.mod h1:IVkwiGCEQxYrzzo56ai+LlJ/G2UN3LzvZkGAIj0LK58=
github.com/gohobby/assert v0.0.0-20211104143739-08694b1ea893 h1:wFd4Td0Bky4UbXOtyMu2QpYVjRQ+GHr34Z95ED7NtcI=
github.com/gohobby/assert v0.0.0-20211104143739-08694b1ea893/go.mod h1:3j4Mu+o1MgUrSlyEI5IHzBEzmz5nngurQmAf80ePv6Y=
github.com/gohobby/deepcopy v1.0.2 h1:mLYy/jucqPo0plf5/C3Dto8aGOaeDBjBdT+Bc2kRiQs=
github.com/gohobby/deepcopy v1.0.2/go.mod h1:kabfMSIWbn2w+Kx3L4BF25yqmN8rjHeyY9SCDTylyFQ=
github.com/gopherjs/gopherjs v1.17.2 h1:fQnZVsXk8uxXIStYb0N4bGk7jeyTalG/wsZjQ25dO0g=
github.com/gopherjs/gopherjs v1.17.2/go.mod h1:pRRIvn/QzFLrKfvEz3qUuEhtE/zLCWfreZ6J5gM2i+k=
github.com/iancoleman/strcase v0.3.0 h1:nTXanmYxhfFAMjZL34Ov6gkzEsSJZ5DbhxWjvSASxEI=
github.com/iancoleman/strcase v0.3.0/go.mod h1:iwCmte+B7n89clKwxIoIXy/HfoL7AsD47ZCWhYzw7ho=
github.com/jtolds/gls v4.20.0+incompatible h1:xdiiI2gbIgH/gLH7ADydsJ1uDOEzR8yvV7C0MuV77Wo=
github.com/jtolds/gls v4.20.0+incompatible/go.mod h1:QJZ7F/aHp+rZTRtaJ1ow/lLfFfVYBRgL+9YlvaHOwJU=
github.com/maruel/natural v1.3.0 h1:VsmCsBmEyrR46RomtgHs5hbKADGRVtliHTyCOLFBpsg=
github.com/maruel/natural v1.3.0/go.mod h1:v+Rfd79xlw1AgVBjbO0BEQmptqb5HvL/k9GRHB7ZKEg=
github.com/pmezard/go-difflib v1.0.0 h1:4DBwDE0NGyQoBHbLQYPwSUPoCMWR5BEzIk/f1lZbAQM=
github.com/pmezard/go-difflib v1.0.0/go.mod h1:iKH77koFhYxTK1pcRnkKkqfTogsbg7gZNVY4sRDYZ/4=
github.com/sirupsen/logrus v1.8.1 h1:dJKuHgqk1NNQlqoA6BTlM1Wf9DOH3NBjQyu0h9+AZZE=
github.com/sirupsen/logrus v1.8.1/go.mod h1:yWOB1SBYBC5VeMP7gHvWumXLIWorT60ONWic61uBYv0=
github.com/smarty/assertions v1.15.0 h1:cR//PqUBUiQRakZWqBiFFQ9wb8emQGDb0HeGdqGByCY=
github.com/smarty/assertions v1.15.0/go.mod h1:yABtdzeQs6l1brC900WlRNwj6ZR55d7B+E8C6HtKdec=
github.com/smartystreets/goconvey v1.8.1 h1:qGjIddxOk4grTu9JPOU31tVfq3cNdBlNa5sSznIX1xY=
github.com/smartystreets/goconvey v1.8.1/go.mod h1:+/u4qLyY6x1jReYOp7GOM2FSt8aP9CzCZL03bI28W60=
github.com/stretchr/testify v1.2.2 h1:bSDNvY7ZPG5RlJ8otE/7V6gMiyenm9RtJ7IUVIAoJ1w=
github.com/stretchr/testify v1.2.2/go.mod h1:a8OnRcib4nhh0OaRAV+Yts87kKdq0PP7pXfy6kDkUVs=
github.com/weppos/publicsuffix-go v0.50.3 h1:eT5dcjHQcVDNc0igpFEsGHKIip30feuB2zuuI9eJxiE=
github.com/weppos/publicsuffix-go v0.50.3/go.mod h1:/rOa781xBykZhHK/I3QeHo92qdDKVmKZKF7s8qAEM/4=
golang.org/x/net v0.50.0 h1:ucWh9eiCGyDR3vtzso0WMQinm2Dnt8cFMuQa9K33J60=
golang.org/x/net v0.50.0/go.mod h1:UgoSli3F/pBgdJBHCTc+tp3gmrU4XswgGRgtnwWTfyM=
golang.org/x/sys v0.0.0-20191026070338-33540a1f6037/go.mod h1:h1NjWce9XRLGQEsW7wpKNCjG9DtNlClVuFLEZdDNbEs=
golang.org/x/sys v0.41.0 h1:Ivj+2Cp/ylzLiEU89QhWblYnOE9zerudt9Ftecq2C6k=
golang.org/x/sys v0.41.0/go.mod h1:OgkHotnGiDImocRcuBABYBEXf8A9a87e/uXjp9XT3ks=
golang.org/x/text v0.34.0 h1:oL/Qq0Kdaqxa1KbNeMKwQq0reLCCaFtqu2eNuSeNHbk=
golang.org/x/text v0.34.0/go.mod h1:homfLqTYRFyVYemLBFl5GgL/DWEiH5wcsQ5gSh1yziA=
